
Microsoft Visual Studio Solution File, Format Version 12.00
# Visual Studio 15
VisualStudioVersion = 15.0.27004.2009
MinimumVisualStudioVersion = 10.0.40219.1
Project("{8BC9CEB8-8B4A-11D0-8D11-00A0C91BC942}") = "SAC-V2-Console", "SAC-V2-Console\SAC-V2-Console.vcxproj", "{7DAB9C8F-5225-4195-BFA2-0447DA0FF823}"
EndProject
Project("{8BC9CEB8-8B4A-11D0-8D11-00A0C91BC942}") = "SAC-V2-DLL", "SAC-V2-DLL\SAC-V2-DLL.vcxproj", "{52647C63-1739-48FE-8404-AA69CFF3EB76}"
EndProject
Project("{8BC9CEB8-8B4A-11D0-8D11-00A0C91BC942}") = "SAC-V2-Driver", "SAC-V2-Driver\SAC-V2-Driver.vcxproj", "{F662449D-DF70-4BDA-AECD-966E3198D755}"
EndProject
Project("{8BC9CEB8-8B4A-11D0-8D11-00A0C91BC942}") = "SAC-V2-TestDLL", "SAC-V2-TestDLL\SAC-V2-TestDLL.vcxproj", "{AAD272D5-7C73-4D30-ADA0-6982ACD22241}"
EndProject
Global
	GlobalSection(SolutionConfigurationPlatforms) = preSolution
		Debug|ARM = Debug|ARM
		Debug|ARM64 = Debug|ARM64
		Debug|x64 = Debug|x64
		Debug|x86 = Debug|x86
		Release|ARM = Release|ARM
		Release|ARM64 = Release|ARM64
		Release|x64 = Release|x64
		Release|x86 = Release|x86
	EndGlobalSection
	GlobalSection(ProjectConfigurationPlatforms) = postSolution
		{7DAB9C8F-5225-4195-BFA2-0447DA0FF823}.Debug|ARM.ActiveCfg = Debug|Win32
		{7DAB9C8F-5225-4195-BFA2-0447DA0FF823}.Debug|ARM64.ActiveCfg = Debug|Win32
		{7DAB9C8F-5225-4195-BFA2-0447DA0FF823}.Debug|x64.ActiveCfg = Debug|x64
		{7DAB9C8F-5225-4195-BFA2-0447DA0FF823}.Debug|x64.Build.0 = Debug|x64
		{7DAB9C8F-5225-4195-BFA2-0447DA0FF823}.Debug|x86.ActiveCfg = Debug|Win32
		{7DAB9C8F-5225-4195-BFA2-0447DA0FF823}.Debug|x86.Build.0 = Debug|Win32
		{7DAB9C8F-5225-4195-BFA2-0447DA0FF823}.Release|ARM.ActiveCfg = Release|Win32
		{7DAB9C8F-5225-4195-BFA2-0447DA0FF823}.Release|ARM64.ActiveCfg = Release|Win32
		{7DAB9C8F-5225-4195-BFA2-0447DA0FF823}.Release|x64.ActiveCfg = Release|x64
		{7DAB9C8F-5225-4195-BFA2-0447DA0FF823}.Release|x64.Build.0 = Release|x64
		{7DAB9C8F-5225-4195-BFA2-0447DA0FF823}.Release|x86.ActiveCfg = Release|Win32
		{7DAB9C8F-5225-4195-BFA2-0447DA0FF823}.Release|x86.Build.0 = Release|Win32
		{52647C63-1739-48FE-8404-AA69CFF3EB76}.Debug|ARM.ActiveCfg = Debug|Win32
		{52647C63-1739-48FE-8404-AA69CFF3EB76}.Debug|ARM64.ActiveCfg = Debug|Win32
		{52647C63-1739-48FE-8404-AA69CFF3EB76}.Debug|x64.ActiveCfg = Debug|x64
		{52647C63-1739-48FE-8404-AA69CFF3EB76}.Debug|x64.Build.0 = Debug|x64
		{52647C63-1739-48FE-8404-AA69CFF3EB76}.Debug|x86.ActiveCfg = Debug|Win32
		{52647C63-1739-48FE-8404-AA69CFF3EB76}.Debug|x86.Build.0 = Debug|Win32
		{52647C63-1739-48FE-8404-AA69CFF3EB76}.Release|ARM.ActiveCfg = Release|Win32
		{52647C63-1739-48FE-8404-AA69CFF3EB76}.Release|ARM64.ActiveCfg = Release|Win32
		{52647C63-1739-48FE-8404-AA69CFF3EB76}.Release|x64.ActiveCfg = Release|x64
		{52647C63-1739-48FE-8404-AA69CFF3EB76}.Release|x64.Build.0 = Release|x64
		{52647C63-1739-48FE-8404-AA69CFF3EB76}.Release|x86.ActiveCfg = Release|Win32
		{52647C63-1739-48FE-8404-AA69CFF3EB76}.Release|x86.Build.0 = Release|Win32
		{F662449D-DF70-4BDA-AECD-966E3198D755}.Debug|ARM.ActiveCfg = Debug|ARM
		{F662449D-DF70-4BDA-AECD-966E3198D755}.Debug|ARM.Build.0 = Debug|ARM
		{F662449D-DF70-4BDA-AECD-966E3198D755}.Debug|ARM.Deploy.0 = Debug|ARM
		{F662449D-DF70-4BDA-AECD-966E3198D755}.Debug|ARM64.ActiveCfg = Debug|ARM64
		{F662449D-DF70-4BDA-AECD-966E3198D755}.Debug|ARM64.Build.0 = Debug|ARM64
		{F662449D-DF70-4BDA-AECD-966E3198D755}.Debug|ARM64.Deploy.0 = Debug|ARM64
		{F662449D-DF70-4BDA-AECD-966E3198D755}.Debug|x64.ActiveCfg = Debug|x64
		{F662449D-DF70-4BDA-AECD-966E3198D755}.Debug|x64.Build.0 = Debug|x64
		{F662449D-DF70-4BDA-AECD-966E3198D755}.Debug|x64.Deploy.0 = Debug|x64
		{F662449D-DF70-4BDA-AECD-966E3198D755}.Debug|x86.ActiveCfg = Debug|Win32
		{F662449D-DF70-4BDA-AECD-966E3198D755}.Debug|x86.Build.0 = Debug|Win32
		{F662449D-DF70-4BDA-AECD-966E3198D755}.Debug|x86.Deploy.0 = Debug|Win32
		{F662449D-DF70-4BDA-AECD-966E3198D755}.Release|ARM.ActiveCfg = Release|ARM
		{F662449D-DF70-4BDA-AECD-966E3198D755}.Release|ARM.Build.0 = Release|ARM
		{F662449D-DF70-4BDA-AECD-966E3198D755}.Release|ARM.Deploy.0 = Release|ARM
		{F662449D-DF70-4BDA-AECD-966E3198D755}.Release|ARM64.ActiveCfg = Release|ARM64
		{F662449D-DF70-4BDA-AECD-966E3198D755}.Release|ARM64.Build.0 = Release|ARM64
		{F662449D-DF70-4BDA-AECD-966E3198D755}.Release|ARM64.Deploy.0 = Release|ARM64
		{F662449D-DF70-4BDA-AECD-966E3198D755}.Release|x64.ActiveCfg = Release|x64
		{F662449D-DF70-4BDA-AECD-966E3198D755}.Release|x64.Build.0 = Release|x64
		{F662449D-DF70-4BDA-AECD-966E3198D755}.Release|x64.Deploy.0 = Release|x64
		{F662449D-DF70-4BDA-AECD-966E3198D755}.Release|x86.ActiveCfg = Release|x64
		{F662449D-DF70-4BDA-AECD-966E3198D755}.Release|x86.Build.0 = Release|x64
		{F662449D-DF70-4BDA-AECD-966E3198D755}.Release|x86.Deploy.0 = Release|x64
		{AAD272D5-7C73-4D30-ADA0-6982ACD22241}.Debug|ARM.ActiveCfg = Debug|Win32
		{AAD272D5-7C73-4D30-ADA0-6982ACD22241}.Debug|ARM64.ActiveCfg = Debug|Win32
		{AAD272D5-7C73-4D30-ADA0-6982ACD22241}.Debug|x64.ActiveCfg = Debug|x64
		{AAD272D5-7C73-4D30-ADA0-6982ACD22241}.Debug|x64.Build.0 = Debug|x64
		{AAD272D5-7C73-4D30-ADA0-6982ACD22241}.Debug|x86.ActiveCfg = Debug|Win32
		{AAD272D5-7C73-4D30-ADA0-6982ACD22241}.Debug|x86.Build.0 = Debug|Win32
		{AAD272D5-7C73-4D30-ADA0-6982ACD22241}.Release|ARM.ActiveCfg = Release|Win32
		{AAD272D5-7C73-4D30-ADA0-6982ACD22241}.Release|ARM64.ActiveCfg = Release|Win32
		{AAD272D5-7C73-4D30-ADA0-6982ACD22241}.Release|x64.ActiveCfg = Release|x64
		{AAD272D5-7C73-4D30-ADA0-6982ACD22241}.Release|x64.Build.0 = Release|x64
		{AAD272D5-7C73-4D30-ADA0-6982ACD22241}.Release|x86.ActiveCfg = Release|Win32
		{AAD272D5-7C73-4D30-ADA0-6982ACD22241}.Release|x86.Build.0 = Release|Win32
	EndGlobalSection
	GlobalSection(SolutionProperties) = preSolution
		HideSolutionNode = FALSE
	EndGlobalSection
	GlobalSection(ExtensibilityGlobals) = postSolution
		SolutionGuid = {73A65DBE-0453-42AA-AFC3-4AAEB4C97D92}
	EndGlobalSection
EndGlobal
